
Microsoft Visual Studio Solution File, Format Version 12.00
# Visual Studio Version 16
VisualStudioVersion = 16.0.34601.136
MinimumVisualStudioVersion = 10.0.40219.1
Project("{FAE04EC0-301F-11D3-BF4B-00C04F79EFBC}") = "20232425053_Atay_Aksakal_2", "20232425053_Atay_Aksakal_2\20232425053_Atay_Aksakal_2.csproj", "{568F8D4E-57E4-4461-94FB-4F732F5607EE}"
EndProject
Global
	GlobalSection(SolutionConfigurationPlatforms) = preSolution
		Debug|Any CPU = Debug|Any CPU
		Release|Any CPU = Release|Any CPU
	EndGlobalSection
	GlobalSection(ProjectConfigurationPlatforms) = postSolution
		{568F8D4E-57E4-4461-94FB-4F732F5607EE}.Debug|Any CPU.ActiveCfg = Debug|Any CPU
		{568F8D4E-57E4-4461-94FB-4F732F5607EE}.Debug|Any CPU.Build.0 = Debug|Any CPU
		{568F8D4E-57E4-4461-94FB-4F732F5607EE}.Release|Any CPU.ActiveCfg = Release|Any CPU
		{568F8D4E-57E4-4461-94FB-4F732F5607EE}.Release|Any CPU.Build.0 = Release|Any CPU
	EndGlobalSection
	GlobalSection(SolutionProperties) = preSolution
		HideSolutionNode = FALSE
	EndGlobalSection
	GlobalSection(ExtensibilityGlobals) = postSolution
		SolutionGuid = {07B92ED1-C337-42E1-9457-B7B87E494897}
	EndGlobalSection
EndGlobal
